
Microsoft Visual Studio Solution File, Format Version 12.00
# Visual Studio Version 16
VisualStudioVersion = 16.0.31624.102
MinimumVisualStudioVersion = 10.0.40219.1
Project("{FAE04EC0-301F-11D3-BF4B-00C04F79EFBC}") = "task 4-3", "task 4-3.csproj", "{9716C27F-9DB8-4720-8401-547463BC8385}"
EndProject
Global
	GlobalSection(SolutionConfigurationPlatforms) = preSolution
		Debug|Any CPU = Debug|Any CPU
		Release|Any CPU = Release|Any CPU
	EndGlobalSection
	GlobalSection(ProjectConfigurationPlatforms) = postSolution
		{9716C27F-9DB8-4720-8401-547463BC8385}.Debug|Any CPU.ActiveCfg = Debug|Any CPU
		{9716C27F-9DB8-4720-8401-547463BC8385}.Debug|Any CPU.Build.0 = Debug|Any CPU
		{9716C27F-9DB8-4720-8401-547463BC8385}.Release|Any CPU.ActiveCfg = Release|Any CPU
		{9716C27F-9DB8-4720-8401-547463BC8385}.Release|Any CPU.Build.0 = Release|Any CPU
	EndGlobalSection
	GlobalSection(SolutionProperties) = preSolution
		HideSolutionNode = FALSE
	EndGlobalSection
	GlobalSection(ExtensibilityGlobals) = postSolution
		SolutionGuid = {85FA1A35-A844-45B9-A234-43BDC0E16404}
	EndGlobalSection
EndGlobal
